
Microsoft Visual Studio Solution File, Format Version 12.00
# Visual Studio Version 17
VisualStudioVersion = 17.8.34408.163
MinimumVisualStudioVersion = 10.0.40219.1
Project("{FAE04EC0-301F-11D3-BF4B-00C04F79EFBC}") = "SoulsLikes", "SoulsLikes\SoulsLikes.csproj", "{5A7F5B9A-ABF2-4FEC-B239-202193DFEB0E}"
EndProject
Global
	GlobalSection(SolutionConfigurationPlatforms) = preSolution
		Debug|Any CPU = Debug|Any CPU
		Release|Any CPU = Release|Any CPU
	EndGlobalSection
	GlobalSection(ProjectConfigurationPlatforms) = postSolution
		{5A7F5B9A-ABF2-4FEC-B239-202193DFEB0E}.Debug|Any CPU.ActiveCfg = Debug|Any CPU
		{5A7F5B9A-ABF2-4FEC-B239-202193DFEB0E}.Debug|Any CPU.Build.0 = Debug|Any CPU
		{5A7F5B9A-ABF2-4FEC-B239-202193DFEB0E}.Release|Any CPU.ActiveCfg = Release|Any CPU
		{5A7F5B9A-ABF2-4FEC-B239-202193DFEB0E}.Release|Any CPU.Build.0 = Release|Any CPU
	EndGlobalSection
	GlobalSection(SolutionProperties) = preSolution
		HideSolutionNode = FALSE
	EndGlobalSection
	GlobalSection(ExtensibilityGlobals) = postSolution
		SolutionGuid = {E9A75725-4A55-4528-9970-FCFB376C20A2}
	EndGlobalSection
EndGlobal
